// !$*UTF8*$!
{
	archiveVersion = 1;
	classes = {
	};
	objectVersion = 50;
	objects = {

/* Begin PBXBuildFile section */
		AB0B3E012263C9D3009C8BCF /* scheduleTableViewCell.swift in Sources */ = {isa = PBXBuildFile; fileRef = AB0B3E002263C9D3009C8BCF /* scheduleTableViewCell.swift */; };
		AB0B3E032263CD75009C8BCF /* goalsTableViewCell.swift in Sources */ = {isa = PBXBuildFile; fileRef = AB0B3E022263CD75009C8BCF /* goalsTableViewCell.swift */; };
		AB0B3E052263CD9D009C8BCF /* toDoTableViewCell.swift in Sources */ = {isa = PBXBuildFile; fileRef = AB0B3E042263CD9D009C8BCF /* toDoTableViewCell.swift */; };
		AB364A19228333E70034C54C /* DataTypes.swift in Sources */ = {isa = PBXBuildFile; fileRef = AB364A18228333E70034C54C /* DataTypes.swift */; };
		AB4792CB22853B60001F5699 /* PersistenceService.swift in Sources */ = {isa = PBXBuildFile; fileRef = AB4792CA22853B60001F5699 /* PersistenceService.swift */; };
		ABA7BD182262C9FB005F10D1 /* AppDelegate.swift in Sources */ = {isa = PBXBuildFile; fileRef = ABA7BD172262C9FB005F10D1 /* AppDelegate.swift */; };
		ABA7BD1A2262C9FB005F10D1 /* ViewController.swift in Sources */ = {isa = PBXBuildFile; fileRef = ABA7BD192262C9FB005F10D1 /* ViewController.swift */; };
		ABA7BD1D2262C9FB005F10D1 /* Main.storyboard in Resources */ = {isa = PBXBuildFile; fileRef = ABA7BD1B2262C9FB005F10D1 /* Main.storyboard */; };
		ABA7BD202262C9FB005F10D1 /* John_Fish_App_01.xcdatamodeld in Sources */ = {isa = PBXBuildFile; fileRef = ABA7BD1E2262C9FB005F10D1 /* John_Fish_App_01.xcdatamodeld */; };
		ABA7BD222262C9FB005F10D1 /* Assets.xcassets in Resources */ = {isa = PBXBuildFile; fileRef = ABA7BD212262C9FB005F10D1 /* Assets.xcassets */; };
		ABA7BD252262C9FB005F10D1 /* LaunchScreen.storyboard in Resources */ = {isa = PBXBuildFile; fileRef = ABA7BD232262C9FB005F10D1 /* LaunchScreen.storyboard */; };
		ABA7BD302262C9FB005F10D1 /* John_Fish_App_01Tests.swift in Sources */ = {isa = PBXBuildFile; fileRef = ABA7BD2F2262C9FB005F10D1 /* John_Fish_App_01Tests.swift */; };
		ABA7BD3B2262C9FB005F10D1 /* John_Fish_App_01UITests.swift in Sources */ = {isa = PBXBuildFile; fileRef = ABA7BD3A2262C9FB005F10D1 /* John_Fish_App_01UITests.swift */; };
		ABA7BD4A2262CA7D005F10D1 /* motivationTableViewCell.swift in Sources */ = {isa = PBXBuildFile; fileRef = ABA7BD492262CA7D005F10D1 /* motivationTableViewCell.swift */; };
/* End PBXBuildFile section */

/* Begin PBXContainerItemProxy section */
		ABA7BD2C2262C9FB005F10D1 /* PBXContainerItemProxy */ = {
			isa = PBXContainerItemProxy;
			containerPortal = ABA7BD0C2262C9FA005F10D1 /* Project object */;
			proxyType = 1;
			remoteGlobalIDString = ABA7BD132262C9FB005F10D1;
			remoteInfo = "John Fish App 01";
		};
		ABA7BD372262C9FB005F10D1 /* PBXContainerItemProxy */ = {
			isa = PBXContainerItemProxy;
			containerPortal = ABA7BD0C2262C9FA005F10D1 /* Project object */;
			proxyType = 1;
			remoteGlobalIDString = ABA7BD132262C9FB005F10D1;
			remoteInfo = "John Fish App 01";
		};
/* End PBXContainerItemProxy section */

/* Begin PBXFileReference section */
		AB0B3E002263C9D3009C8BCF /* scheduleTableViewCell.swift */ = {isa = PBXFileReference; lastKnownFileType = sourcecode.swift; path = scheduleTableViewCell.swift; sourceTree = "<group>"; };
		AB0B3E022263CD75009C8BCF /* goalsTableViewCell.swift */ = {isa = PBXFileReference; lastKnownFileType = sourcecode.swift; path = goalsTableViewCell.swift; sourceTree = "<group>"; };
		AB0B3E042263CD9D009C8BCF /* toDoTableViewCell.swift */ = {isa = PBXFileReference; lastKnownFileType = sourcecode.swift; path = toDoTableViewCell.swift; sourceTree = "<group>"; };
		AB364A18228333E70034C54C /* DataTypes.swift */ = {isa = PBXFileReference; lastKnownFileType = sourcecode.swift; path = DataTypes.swift; sourceTree = "<group>"; };
		AB4792CA22853B60001F5699 /* PersistenceService.swift */ = {isa = PBXFileReference; lastKnownFileType = sourcecode.swift; path = PersistenceService.swift; sourceTree = "<group>"; };
		ABA7BD142262C9FB005F10D1 /* John Fish App 01.app */ = {isa = PBXFileReference; explicitFileType = wrapper.application; includeInIndex = 0; path = "John Fish App 01.app"; sourceTree = BUILT_PRODUCTS_DIR; };
		ABA7BD172262C9FB005F10D1 /* AppDelegate.swift */ = {isa = PBXFileReference; lastKnownFileType = sourcecode.swift; path = AppDelegate.swift; sourceTree = "<group>"; };
		ABA7BD192262C9FB005F10D1 /* ViewController.swift */ = {isa = PBXFileReference; lastKnownFileType = sourcecode.swift; path = ViewController.swift; sourceTree = "<group>"; };
		ABA7BD1C2262C9FB005F10D1 /* Base */ = {isa = PBXFileReference; lastKnownFileType = file.storyboard; name = Base; path = Base.lproj/Main.storyboard; sourceTree = "<group>"; };
		ABA7BD1F2262C9FB005F10D1 /* John_Fish_App_01.xcdatamodel */ = {isa = PBXFileReference; lastKnownFileType = wrapper.xcdatamodel; path = John_Fish_App_01.xcdatamodel; sourceTree = "<group>"; };
		ABA7BD212262C9FB005F10D1 /* Assets.xcassets */ = {isa = PBXFileReference; lastKnownFileType = folder.assetcatalog; path = Assets.xcassets; sourceTree = "<group>"; };
		ABA7BD242262C9FB005F10D1 /* Base */ = {isa = PBXFileReference; lastKnownFileType = file.storyboard; name = Base; path = Base.lproj/LaunchScreen.storyboard; sourceTree = "<group>"; };
		ABA7BD262262C9FB005F10D1 /* Info.plist */ = {isa = PBXFileReference; lastKnownFileType = text.plist.xml; path = Info.plist; sourceTree = "<group>"; };
		ABA7BD2B2262C9FB005F10D1 /* John Fish App 01Tests.xctest */ = {isa = PBXFileReference; explicitFileType = wrapper.cfbundle; includeInIndex = 0; path = "John Fish App 01Tests.xctest"; sourceTree = BUILT_PRODUCTS_DIR; };
		ABA7BD2F2262C9FB005F10D1 /* John_Fish_App_01Tests.swift */ = {isa = PBXFileReference; lastKnownFileType = sourcecode.swift; path = John_Fish_App_01Tests.swift; sourceTree = "<group>"; };
		ABA7BD312262C9FB005F10D1 /* Info.plist */ = {isa = PBXFileReference; lastKnownFileType = text.plist.xml; path = Info.plist; sourceTree = "<group>"; };
		ABA7BD362262C9FB005F10D1 /* John Fish App 01UITests.xctest */ = {isa = PBXFileReference; explicitFileType = wrapper.cfbundle; includeInIndex = 0; path = "John Fish App 01UITests.xctest"; sourceTree = BUILT_PRODUCTS_DIR; };
		ABA7BD3A2262C9FB005F10D1 /* John_Fish_App_01UITests.swift */ = {isa = PBXFileReference; lastKnownFileType = sourcecode.swift; path = John_Fish_App_01UITests.swift; sourceTree = "<group>"; };
		ABA7BD3C2262C9FB005F10D1 /* Info.plist */ = {isa = PBXFileReference; lastKnownFileType = text.plist.xml; path = Info.plist; sourceTree = "<group>"; };
		ABA7BD492262CA7D005F10D1 /* motivationTableViewCell.swift */ = {isa = PBXFileReference; lastKnownFileType = sourcecode.swift; path = motivationTableViewCell.swift; sourceTree = "<group>"; };
/* End PBXFileReference section */

/* Begin PBXFrameworksBuildPhase section */
		ABA7BD112262C9FB005F10D1 /* Frameworks */ = {
			isa = PBXFrameworksBuildPhase;
			buildActionMask = 2147483647;
			files = (
			);
			runOnlyForDeploymentPostprocessing = 0;
		};
		ABA7BD282262C9FB005F10D1 /* Frameworks */ = {
			isa = PBXFrameworksBuildPhase;
			buildActionMask = 2147483647;
			files = (
			);
			runOnlyForDeploymentPostprocessing = 0;
		};
		ABA7BD332262C9FB005F10D1 /* Frameworks */ = {
			isa = PBXFrameworksBuildPhase;
			buildActionMask = 2147483647;
			files = (
			);
			runOnlyForDeploymentPostprocessing = 0;
		};
/* End PBXFrameworksBuildPhase section */

/* Begin PBXGroup section */
		ABA7BD0B2262C9FA005F10D1 = {
			isa = PBXGroup;
			children = (
				ABA7BD162262C9FB005F10D1 /* John Fish App 01 */,
				ABA7BD2E2262C9FB005F10D1 /* John Fish App 01Tests */,
				ABA7BD392262C9FB005F10D1 /* John Fish App 01UITests */,
				ABA7BD152262C9FB005F10D1 /* Products */,
			);
			sourceTree = "<group>";
		};
		ABA7BD152262C9FB005F10D1 /* Products */ = {
			isa = PBXGroup;
			children = (
				ABA7BD142262C9FB005F10D1 /* John Fish App 01.app */,
				ABA7BD2B2262C9FB005F10D1 /* John Fish App 01Tests.xctest */,
				ABA7BD362262C9FB005F10D1 /* John Fish App 01UITests.xctest */,
			);
			name = Products;
			sourceTree = "<group>";
		};
		ABA7BD162262C9FB005F10D1 /* John Fish App 01 */ = {
			isa = PBXGroup;
			children = (
				ABA7BD482262CA4E005F10D1 /* TableViewCells */,
				ABA7BD172262C9FB005F10D1 /* AppDelegate.swift */,
				AB4792CA22853B60001F5699 /* PersistenceService.swift */,
				ABA7BD192262C9FB005F10D1 /* ViewController.swift */,
				AB364A18228333E70034C54C /* DataTypes.swift */,
				ABA7BD1B2262C9FB005F10D1 /* Main.storyboard */,
				ABA7BD212262C9FB005F10D1 /* Assets.xcassets */,
				ABA7BD232262C9FB005F10D1 /* LaunchScreen.storyboard */,
				ABA7BD262262C9FB005F10D1 /* Info.plist */,
				ABA7BD1E2262C9FB005F10D1 /* John_Fish_App_01.xcdatamodeld */,
			);
			path = "John Fish App 01";
			sourceTree = "<group>";
		};
		ABA7BD2E2262C9FB005F10D1 /* John Fish App 01Tests */ = {
			isa = PBXGroup;
			children = (
				ABA7BD2F2262C9FB005F10D1 /* John_Fish_App_01Tests.swift */,
				ABA7BD312262C9FB005F10D1 /* Info.plist */,
			);
			path = "John Fish App 01Tests";
			sourceTree = "<group>";
		};
		ABA7BD392262C9FB005F10D1 /* John Fish App 01UITests */ = {
			isa = PBXGroup;
			children = (
				ABA7BD3A2262C9FB005F10D1 /* John_Fish_App_01UITests.swift */,
				ABA7BD3C2262C9FB005F10D1 /* Info.plist */,
			);
			path = "John Fish App 01UITests";
			sourceTree = "<group>";
		};
		ABA7BD482262CA4E005F10D1 /* TableViewCells */ = {
			isa = PBXGroup;
			children = (
				AB0B3E002263C9D3009C8BCF /* scheduleTableViewCell.swift */,
				AB0B3E022263CD75009C8BCF /* goalsTableViewCell.swift */,
				AB0B3E042263CD9D009C8BCF /* toDoTableViewCell.swift */,
				ABA7BD492262CA7D005F10D1 /* motivationTableViewCell.swift */,
			);
			path = TableViewCells;
			sourceTree = "<group>";
		};
/* End PBXGroup section */

/* Begin PBXNativeTarget section */
		ABA7BD132262C9FB005F10D1 /* John Fish App 01 */ = {
			isa = PBXNativeTarget;
			buildConfigurationList = ABA7BD3F2262C9FB005F10D1 /* Build configuration list for PBXNativeTarget "John Fish App 01" */;
			buildPhases = (
				ABA7BD102262C9FB005F10D1 /* Sources */,
				ABA7BD112262C9FB005F10D1 /* Frameworks */,
				ABA7BD122262C9FB005F10D1 /* Resources */,
			);
			buildRules = (
			);
			dependencies = (
			);
			name = "John Fish App 01";
			productName = "John Fish App 01";
			productReference = ABA7BD142262C9FB005F10D1 /* John Fish App 01.app */;
			productType = "com.apple.product-type.application";
		};
		ABA7BD2A2262C9FB005F10D1 /* John Fish App 01Tests */ = {
			isa = PBXNativeTarget;
			buildConfigurationList = ABA7BD422262C9FB005F10D1 /* Build configuration list for PBXNativeTarget "John Fish App 01Tests" */;
			buildPhases = (
				ABA7BD272262C9FB005F10D1 /* Sources */,
				ABA7BD282262C9FB005F10D1 /* Frameworks */,
				ABA7BD292262C9FB005F10D1 /* Resources */,
			);
			buildRules = (
			);
			dependencies = (
				ABA7BD2D2262C9FB005F10D1 /* PBXTargetDependency */,
			);
			name = "John Fish App 01Tests";
			productName = "John Fish App 01Tests";
			productReference = ABA7BD2B2262C9FB005F10D1 /* John Fish App 01Tests.xctest */;
			productType = "com.apple.product-type.bundle.unit-test";
		};
		ABA7BD352262C9FB005F10D1 /* John Fish App 01UITests */ = {
			isa = PBXNativeTarget;
			buildConfigurationList = ABA7BD452262C9FB005F10D1 /* Build configuration list for PBXNativeTarget "John Fish App 01UITests" */;
			buildPhases = (
				ABA7BD322262C9FB005F10D1 /* Sources */,
				ABA7BD332262C9FB005F10D1 /* Frameworks */,
				ABA7BD342262C9FB005F10D1 /* Resources */,
			);
			buildRules = (
			);
			dependencies = (
				ABA7BD382262C9FB005F10D1 /* PBXTargetDependency */,
			);
			name = "John Fish App 01UITests";
			productName = "John Fish App 01UITests";
			productReference = ABA7BD362262C9FB005F10D1 /* John Fish App 01UITests.xctest */;
			productType = "com.apple.product-type.bundle.ui-testing";
		};
/* End PBXNativeTarget section */

/* Begin PBXProject section */
		ABA7BD0C2262C9FA005F10D1 /* Project object */ = {
			isa = PBXProject;
			attributes = {
				LastSwiftUpdateCheck = 1010;
				LastUpgradeCheck = 1010;
				ORGANIZATIONNAME = "Mallah ";
				TargetAttributes = {
					ABA7BD132262C9FB005F10D1 = {
						CreatedOnToolsVersion = 10.1;
					};
					ABA7BD2A2262C9FB005F10D1 = {
						CreatedOnToolsVersion = 10.1;
						TestTargetID = ABA7BD132262C9FB005F10D1;
					};
					ABA7BD352262C9FB005F10D1 = {
						CreatedOnToolsVersion = 10.1;
						TestTargetID = ABA7BD132262C9FB005F10D1;
					};
				};
			};
			buildConfigurationList = ABA7BD0F2262C9FA005F10D1 /* Build configuration list for PBXProject "John Fish App 01" */;
			compatibilityVersion = "Xcode 9.3";
			developmentRegion = en;
			hasScannedForEncodings = 0;
			knownRegions = (
				en,
				Base,
			);
			mainGroup = ABA7BD0B2262C9FA005F10D1;
			productRefGroup = ABA7BD152262C9FB005F10D1 /* Products */;
			projectDirPath = "";
			projectRoot = "";
			targets = (
				ABA7BD132262C9FB005F10D1 /* John Fish App 01 */,
				ABA7BD2A2262C9FB005F10D1 /* John Fish App 01Tests */,
				ABA7BD352262C9FB005F10D1 /* John Fish App 01UITests */,
			);
		};
/* End PBXProject section */

/* Begin PBXResourcesBuildPhase section */
		ABA7BD122262C9FB005F10D1 /* Resources */ = {
			isa = PBXResourcesBuildPhase;
			buildActionMask = 2147483647;
			files = (
				ABA7BD252262C9FB005F10D1 /* LaunchScreen.storyboard in Resources */,
				ABA7BD222262C9FB005F10D1 /* Assets.xcassets in Resources */,
				ABA7BD1D2262C9FB005F10D1 /* Main.storyboard in Resources */,
			);
			runOnlyForDeploymentPostprocessing = 0;
		};
		ABA7BD292262C9FB005F10D1 /* Resources */ = {
			isa = PBXResourcesBuildPhase;
			buildActionMask = 2147483647;
			files = (
			);
			runOnlyForDeploymentPostprocessing = 0;
		};
		ABA7BD342262C9FB005F10D1 /* Resources */ = {
			isa = PBXResourcesBuildPhase;
			buildActionMask = 2147483647;
			files = (
			);
			runOnlyForDeploymentPostprocessing = 0;
		};
/* End PBXResourcesBuildPhase section */

/* Begin PBXSourcesBuildPhase section */
		ABA7BD102262C9FB005F10D1 /* Sources */ = {
			isa = PBXSourcesBuildPhase;
			buildActionMask = 2147483647;
			files = (
				ABA7BD202262C9FB005F10D1 /* John_Fish_App_01.xcdatamodeld in Sources */,
				AB364A19228333E70034C54C /* DataTypes.swift in Sources */,
				ABA7BD4A2262CA7D005F10D1 /* motivationTableViewCell.swift in Sources */,
				AB0B3E032263CD75009C8BCF /* goalsTableViewCell.swift in Sources */,
				AB0B3E052263CD9D009C8BCF /* toDoTableViewCell.swift in Sources */,
				AB0B3E012263C9D3009C8BCF /* scheduleTableViewCell.swift in Sources */,
				ABA7BD1A2262C9FB005F10D1 /* ViewController.swift in Sources */,
				AB4792CB22853B60001F5699 /* PersistenceService.swift in Sources */,
				ABA7BD182262C9FB005F10D1 /* AppDelegate.swift in Sources */,
			);
			runOnlyForDeploymentPostprocessing = 0;
		};
		ABA7BD272262C9FB005F10D1 /* Sources */ = {
			isa = PBXSourcesBuildPhase;
			buildActionMask = 2147483647;
			files = (
				ABA7BD302262C9FB005F10D1 /* John_Fish_App_01Tests.swift in Sources */,
			);
			runOnlyForDeploymentPostprocessing = 0;
		};
		ABA7BD322262C9FB005F10D1 /* Sources */ = {
			isa = PBXSourcesBuildPhase;
			buildActionMask = 2147483647;
			files = (
				ABA7BD3B2262C9FB005F10D1 /* John_Fish_App_01UITests.swift in Sources */,
			);
			runOnlyForDeploymentPostprocessing = 0;
		};
/* End PBXSourcesBuildPhase section */

/* Begin PBXTargetDependency section */
		ABA7BD2D2262C9FB005F10D1 /* PBXTargetDependency */ = {
			isa = PBXTargetDependency;
			target = ABA7BD132262C9FB005F10D1 /* John Fish App 01 */;
			targetProxy = ABA7BD2C2262C9FB005F10D1 /* PBXContainerItemProxy */;
		};
		ABA7BD382262C9FB005F10D1 /* PBXTargetDependency */ = {
			isa = PBXTargetDependency;
			target = ABA7BD132262C9FB005F10D1 /* John Fish App 01 */;
			targetProxy = ABA7BD372262C9FB005F10D1 /* PBXContainerItemProxy */;
		};
/* End PBXTargetDependency section */

/* Begin PBXVariantGroup section */
		ABA7BD1B2262C9FB005F10D1 /* Main.storyboard */ = {
			isa = PBXVariantGroup;
			children = (
				ABA7BD1C2262C9FB005F10D1 /* Base */,
			);
			name = Main.storyboard;
			sourceTree = "<group>";
		};
		ABA7BD232262C9FB005F10D1 /* LaunchScreen.storyboard */ = {
			isa = PBXVariantGroup;
			children = (
				ABA7BD242262C9FB005F10D1 /* Base */,
			);
			name = LaunchScreen.storyboard;
			sourceTree = "<group>";
		};
/* End PBXVariantGroup section */

/* Begin XCBuildConfiguration section */
		ABA7BD3D2262C9FB005F10D1 /* Debug */ = {
			isa = XCBuildConfiguration;
			buildSettings = {
				ALWAYS_SEARCH_USER_PATHS = NO;
				CLANG_ANALYZER_NONNULL = YES;
				CLANG_ANALYZER_NUMBER_OBJECT_CONVERSION = YES_AGGRESSIVE;
				CLANG_CXX_LANGUAGE_STANDARD = "gnu++14";
				CLANG_CXX_LIBRARY = "libc++";
				CLANG_ENABLE_MODULES = YES;
				CLANG_ENABLE_OBJC_ARC = YES;
				CLANG_ENABLE_OBJC_WEAK = YES;
				CLANG_WARN_BLOCK_CAPTURE_AUTORELEASING = YES;
				CLANG_WARN_BOOL_CONVERSION = YES;
				CLANG_WARN_COMMA = YES;
				CLANG_WARN_CONSTANT_CONVERSION = YES;
				CLANG_WARN_DEPRECATED_OBJC_IMPLEMENTATIONS = YES;
				CLANG_WARN_DIRECT_OBJC_ISA_USAGE = YES_ERROR;
				CLANG_WARN_DOCUMENTATION_COMMENTS = YES;
				CLANG_WARN_EMPTY_BODY = YES;
				CLANG_WARN_ENUM_CONVERSION = YES;
				CLANG_WARN_INFINITE_RECURSION = YES;
				CLANG_WARN_INT_CONVERSION = YES;
				CLANG_WARN_NON_LITERAL_NULL_CONVERSION = YES;
				CLANG_WARN_OBJC_IMPLICIT_RETAIN_SELF = YES;
				CLANG_WARN_OBJC_LITERAL_CONVERSION = YES;
				CLANG_WARN_OBJC_ROOT_CLASS = YES_ERROR;
				CLANG_WARN_RANGE_LOOP_ANALYSIS = YES;
				CLANG_WARN_STRICT_PROTOTYPES = YES;
				CLANG_WARN_SUSPICIOUS_MOVE = YES;
				CLANG_WARN_UNGUARDED_AVAILABILITY = YES_AGGRESSIVE;
				CLANG_WARN_UNREACHABLE_CODE = YES;
				CLANG_WARN__DUPLICATE_METHOD_MATCH = YES;
				CODE_SIGN_IDENTITY = "iPhone Developer";
				COPY_PHASE_STRIP = NO;
				DEBUG_INFORMATION_FORMAT = dwarf;
				ENABLE_STRICT_OBJC_MSGSEND = YES;
				ENABLE_TESTABILITY = YES;
				GCC_C_LANGUAGE_STANDARD = gnu11;
				GCC_DYNAMIC_NO_PIC = NO;
				GCC_NO_COMMON_BLOCKS = YES;
				GCC_OPTIMIZATION_LEVEL = 0;
				GCC_PREPROCESSOR_DEFINITIONS = (
					"DEBUG=1",
					"$(inherited)",
				);
				GCC_WARN_64_TO_32_BIT_CONVERSION = YES;
				GCC_WARN_ABOUT_RETURN_TYPE = YES_ERROR;
				GCC_WARN_UNDECLARED_SELECTOR = YES;
				GCC_WARN_UNINITIALIZED_AUTOS = YES_AGGRESSIVE;
				GCC_WARN_UNUSED_FUNCTION = YES;
				GCC_WARN_UNUSED_VARIABLE = YES;
				IPHONEOS_DEPLOYMENT_TARGET = 12.1;
				MTL_ENABLE_DEBUG_INFO = INCLUDE_SOURCE;
				MTL_FAST_MATH = YES;
				ONLY_ACTIVE_ARCH = YES;
				SDKROOT = iphoneos;
				SWIFT_ACTIVE_COMPILATION_CONDITIONS = DEBUG;
				SWIFT_OPTIMIZATION_LEVEL = "-Onone";
			};
			name = Debug;
		};
		ABA7BD3E2262C9FB005F10D1 /* Release */ = {
			isa = XCBuildConfiguration;
			buildSettings = {
				ALWAYS_SEARCH_USER_PATHS = NO;
				CLANG_ANALYZER_NONNULL = YES;
				CLANG_ANALYZER_NUMBER_OBJECT_CONVERSION = YES_AGGRESSIVE;
				CLANG_CXX_LANGUAGE_STANDARD = "gnu++14";
				CLANG_CXX_LIBRARY = "libc++";
				CLANG_ENABLE_MODULES = YES;
				CLANG_ENABLE_OBJC_ARC = YES;
				CLANG_ENABLE_OBJC_WEAK = YES;
				CLANG_WARN_BLOCK_CAPTURE_AUTORELEASING = YES;
				CLANG_WARN_BOOL_CONVERSION = YES;
				CLANG_WARN_COMMA = YES;
				CLANG_WARN_CONSTANT_CONVERSION = YES;
				CLANG_WARN_DEPRECATED_OBJC_IMPLEMENTATIONS = YES;
				CLANG_WARN_DIRECT_OBJC_ISA_USAGE = YES_ERROR;
				CLANG_WARN_DOCUMENTATION_COMMENTS = YES;
				CLANG_WARN_EMPTY_BODY = YES;
				CLANG_WARN_ENUM_CONVERSION = YES;
				CLANG_WARN_INFINITE_RECURSION = YES;
				CLANG_WARN_INT_CONVERSION = YES;
				CLANG_WARN_NON_LITERAL_NULL_CONVERSION = YES;
				CLANG_WARN_OBJC_IMPLICIT_RETAIN_SELF = YES;
				CLANG_WARN_OBJC_LITERAL_CONVERSION = YES;
				CLANG_WARN_OBJC_ROOT_CLASS = YES_ERROR;
				CLANG_WARN_RANGE_LOOP_ANALYSIS = YES;
				CLANG_WARN_STRICT_PROTOTYPES = YES;
				CLANG_WARN_SUSPICIOUS_MOVE = YES;
				CLANG_WARN_UNGUARDED_AVAILABILITY = YES_AGGRESSIVE;
				CLANG_WARN_UNREACHABLE_CODE = YES;
				CLANG_WARN__DUPLICATE_METHOD_MATCH = YES;
				CODE_SIGN_IDENTITY = "iPhone Developer";
				COPY_PHASE_STRIP = NO;
				DEBUG_INFORMATION_FORMAT = "dwarf-with-dsym";
				ENABLE_NS_ASSERTIONS = NO;
				ENABLE_STRICT_OBJC_MSGSEND = YES;
				GCC_C_LANGUAGE_STANDARD = gnu11;
				GCC_NO_COMMON_BLOCKS = YES;
				GCC_WARN_64_TO_32_BIT_CONVERSION = YES;
				GCC_WARN_ABOUT_RETURN_TYPE = YES_ERROR;
				GCC_WARN_UNDECLARED_SELECTOR = YES;
				GCC_WARN_UNINITIALIZED_AUTOS = YES_AGGRESSIVE;
				GCC_WARN_UNUSED_FUNCTION = YES;
				GCC_WARN_UNUSED_VARIABLE = YES;
				IPHONEOS_DEPLOYMENT_TARGET = 12.1;
				MTL_ENABLE_DEBUG_INFO = NO;
				MTL_FAST_MATH = YES;
				SDKROOT = iphoneos;
				SWIFT_COMPILATION_MODE = wholemodule;
				SWIFT_OPTIMIZATION_LEVEL = "-O";
				VALIDATE_PRODUCT = YES;
			};
			name = Release;
		};
		ABA7BD402262C9FB005F10D1 /* Debug */ = {
			isa = XCBuildConfiguration;
			buildSettings = {
				ASSETCATALOG_COMPILER_APPICON_NAME = AppIcon;
				CODE_SIGN_STYLE = Automatic;
				DEVELOPMENT_TEAM = J3RE9RZJ4Z;
				INFOPLIST_FILE = "John Fish App 01/Info.plist";
				IPHONEOS_DEPLOYMENT_TARGET = 12.0;
				LD_RUNPATH_SEARCH_PATHS = (
					"$(inherited)",
					"@executable_path/Frameworks",
				);
				PRODUCT_BUNDLE_IDENTIFIER = Mallah.production.TestVersion01;
				PRODUCT_NAME = "$(TARGET_NAME)";
				SWIFT_VERSION = 4.2;
				TARGETED_DEVICE_FAMILY = "1,2";
			};
			name = Debug;
		};
		ABA7BD412262C9FB005F10D1 /* Release */ = {
			isa = XCBuildConfiguration;
			buildSettings = {
				ASSETCATALOG_COMPILER_APPICON_NAME = AppIcon;
				CODE_SIGN_STYLE = Automatic;
				DEVELOPMENT_TEAM = J3RE9RZJ4Z;
				INFOPLIST_FILE = "John Fish App 01/Info.plist";
				IPHONEOS_DEPLOYMENT_TARGET = 12.0;
				LD_RUNPATH_SEARCH_PATHS = (
					"$(inherited)",
					"@executable_path/Frameworks",
				);
				PRODUCT_BUNDLE_IDENTIFIER = Mallah.production.TestVersion01;
				PRODUCT_NAME = "$(TARGET_NAME)";
				SWIFT_VERSION = 4.2;
				TARGETED_DEVICE_FAMILY = "1,2";
			};
			name = Release;
		};
		ABA7BD432262C9FB005F10D1 /* Debug */ = {
			isa = XCBuildConfiguration;
			buildSettings = {
				ALWAYS_EMBED_SWIFT_STANDARD_LIBRARIES = YES;
				BUNDLE_LOADER = "$(TEST_HOST)";
				CODE_SIGN_STYLE = Automatic;
				DEVELOPMENT_TEAM = J3RE9RZJ4Z;
				INFOPLIST_FILE = "John Fish App 01Tests/Info.plist";
				LD_RUNPATH_SEARCH_PATHS = (
					"$(inherited)",
					"@executable_path/Frameworks",
					"@loader_path/Frameworks",
				);
				PRODUCT_BUNDLE_IDENTIFIER = "Mallah.production.John-Fish-App-01Tests";
				PRODUCT_NAME = "$(TARGET_NAME)";
				SWIFT_VERSION = 4.2;
				TARGETED_DEVICE_FAMILY = "1,2";
				TEST_HOST = "$(BUILT_PRODUCTS_DIR)/John Fish App 01.app/John Fish App 01";
			};
			name = Debug;
		};
		ABA7BD442262C9FB005F10D1 /* Release */ = {
			isa = XCBuildConfiguration;
			buildSettings = {
				ALWAYS_EMBED_SWIFT_STANDARD_LIBRARIES = YES;
				BUNDLE_LOADER = "$(TEST_HOST)";
				CODE_SIGN_STYLE = Automatic;
				DEVELOPMENT_TEAM = J3RE9RZJ4Z;
				INFOPLIST_FILE = "John Fish App 01Tests/Info.plist";
				LD_RUNPATH_SEARCH_PATHS = (
					"$(inherited)",
					"@executable_path/Frameworks",
					"@loader_path/Frameworks",
				);
				PRODUCT_BUNDLE_IDENTIFIER = "Mallah.production.John-Fish-App-01Tests";
				PRODUCT_NAME = "$(TARGET_NAME)";
				SWIFT_VERSION = 4.2;
				TARGETED_DEVICE_FAMILY = "1,2";
				TEST_HOST = "$(BUILT_PRODUCTS_DIR)/John Fish App 01.app/John Fish App 01";
			};
			name = Release;
		};
		ABA7BD462262C9FB005F10D1 /* Debug */ = {
			isa = XCBuildConfiguration;
			buildSettings = {
				ALWAYS_EMBED_SWIFT_STANDARD_LIBRARIES = YES;
				CODE_SIGN_STYLE = Automatic;
				DEVELOPMENT_TEAM = J3RE9RZJ4Z;
				INFOPLIST_FILE = "John Fish App 01UITests/Info.plist";
				LD_RUNPATH_SEARCH_PATHS = (
					"$(inherited)",
					"@executable_path/Frameworks",
					"@loader_path/Frameworks",
				);
				PRODUCT_BUNDLE_IDENTIFIER = "Mallah.production.John-Fish-App-01UITests";
				PRODUCT_NAME = "$(TARGET_NAME)";
				SWIFT_VERSION = 4.2;
				TARGETED_DEVICE_FAMILY = "1,2";
				TEST_TARGET_NAME = "John Fish App 01";
			};
			name = Debug;
		};
		ABA7BD472262C9FB005F10D1 /* Release */ = {
			isa = XCBuildConfiguration;
			buildSettings = {
				ALWAYS_EMBED_SWIFT_STANDARD_LIBRARIES = YES;
				CODE_SIGN_STYLE = Automatic;
				DEVELOPMENT_TEAM = J3RE9RZJ4Z;
				INFOPLIST_FILE = "John Fish App 01UITests/Info.plist";
				LD_RUNPATH_SEARCH_PATHS = (
					"$(inherited)",
					"@executable_path/Frameworks",
					"@loader_path/Frameworks",
				);
				PRODUCT_BUNDLE_IDENTIFIER = "Mallah.production.John-Fish-App-01UITests";
				PRODUCT_NAME = "$(TARGET_NAME)";
				SWIFT_VERSION = 4.2;
				TARGETED_DEVICE_FAMILY = "1,2";
				TEST_TARGET_NAME = "John Fish App 01";
			};
			name = Release;
		};
/* End XCBuildConfiguration section */

/* Begin XCConfigurationList section */
		ABA7BD0F2262C9FA005F10D1 /* Build configuration list for PBXProject "John Fish App 01" */ = {
			isa = XCConfigurationList;
			buildConfigurations = (
				ABA7BD3D2262C9FB005F10D1 /* Debug */,
				ABA7BD3E2262C9FB005F10D1 /* Release */,
			);
			defaultConfigurationIsVisible = 0;
			defaultConfigurationName = Release;
		};
		ABA7BD3F2262C9FB005F10D1 /* Build configuration list for PBXNativeTarget "John Fish App 01" */ = {
			isa = XCConfigurationList;
			buildConfigurations = (
				ABA7BD402262C9FB005F10D1 /* Debug */,
				ABA7BD412262C9FB005F10D1 /* Release */,
			);
			defaultConfigurationIsVisible = 0;
			defaultConfigurationName = Release;
		};
		ABA7BD422262C9FB005F10D1 /* Build configuration list for PBXNativeTarget "John Fish App 01Tests" */ = {
			isa = XCConfigurationList;
			buildConfigurations = (
				ABA7BD432262C9FB005F10D1 /* Debug */,
				ABA7BD442262C9FB005F10D1 /* Release */,
			);
			defaultConfigurationIsVisible = 0;
			defaultConfigurationName = Release;
		};
		ABA7BD452262C9FB005F10D1 /* Build configuration list for PBXNativeTarget "John Fish App 01UITests" */ = {
			isa = XCConfigurationList;
			buildConfigurations = (
				ABA7BD462262C9FB005F10D1 /* Debug */,
				ABA7BD472262C9FB005F10D1 /* Release */,
			);
			defaultConfigurationIsVisible = 0;
			defaultConfigurationName = Release;
		};
/* End XCConfigurationList section */

/* Begin XCVersionGroup section */
		ABA7BD1E2262C9FB005F10D1 /* John_Fish_App_01.xcdatamodeld */ = {
			isa = XCVersionGroup;
			children = (
				ABA7BD1F2262C9FB005F10D1 /* John_Fish_App_01.xcdatamodel */,
			);
			currentVersion = ABA7BD1F2262C9FB005F10D1 /* John_Fish_App_01.xcdatamodel */;
			path = John_Fish_App_01.xcdatamodeld;
			sourceTree = "<group>";
			versionGroupType = wrapper.xcdatamodel;
		};
/* End XCVersionGroup section */
	};
	rootObject = ABA7BD0C2262C9FA005F10D1 /* Project object */;
}
